// !$*UTF8*$!
{
	archiveVersion = 1;
	classes = {
	};
	objectVersion = 56;
	objects = {

/* Begin PBXBuildFile section */
		641FB2852A30D3A2002F45FA /* Little_Lemon_ReservitionApp.swift in Sources */ = {isa = PBXBuildFile; fileRef = 641FB2842A30D3A2002F45FA /* Little_Lemon_ReservitionApp.swift */; };
		641FB2872A30D3A2002F45FA /* ContentView.swift in Sources */ = {isa = PBXBuildFile; fileRef = 641FB2862A30D3A2002F45FA /* ContentView.swift */; };
		641FB2892A30D3A3002F45FA /* Assets.xcassets in Resources */ = {isa = PBXBuildFile; fileRef = 641FB2882A30D3A3002F45FA /* Assets.xcassets */; };
		641FB28C2A30D3A3002F45FA /* Preview Assets.xcassets in Resources */ = {isa = PBXBuildFile; fileRef = 641FB28B2A30D3A3002F45FA /* Preview Assets.xcassets */; };
		641FB2932A30D3DF002F45FA /* LittleLemonLogo.swift in Sources */ = {isa = PBXBuildFile; fileRef = 641FB2922A30D3DF002F45FA /* LittleLemonLogo.swift */; };
		645542152A30D55700EAEB37 /* LocationView.swift in Sources */ = {isa = PBXBuildFile; fileRef = 645542142A30D55700EAEB37 /* LocationView.swift */; };
		645542172A30D6D900EAEB37 /* MainView.swift in Sources */ = {isa = PBXBuildFile; fileRef = 645542162A30D6D900EAEB37 /* MainView.swift */; };
		645542192A30D76800EAEB37 /* Model.swift in Sources */ = {isa = PBXBuildFile; fileRef = 645542182A30D76800EAEB37 /* Model.swift */; };
		6455421C2A30DEF400EAEB37 /* RestaurantView.swift in Sources */ = {isa = PBXBuildFile; fileRef = 6455421B2A30DEF400EAEB37 /* RestaurantView.swift */; };
		6455421E2A30DF1900EAEB37 /* RestaurantsLocation.swift in Sources */ = {isa = PBXBuildFile; fileRef = 6455421D2A30DF1900EAEB37 /* RestaurantsLocation.swift */; };
		645542212A30E4FB00EAEB37 /* Reservation.swift in Sources */ = {isa = PBXBuildFile; fileRef = 645542202A30E4FB00EAEB37 /* Reservation.swift */; };
		645542262A30E73D00EAEB37 /* ReservationForm.swift in Sources */ = {isa = PBXBuildFile; fileRef = 645542252A30E73D00EAEB37 /* ReservationForm.swift */; };
		645542282A30E85900EAEB37 /* ReservationView.swift in Sources */ = {isa = PBXBuildFile; fileRef = 645542272A30E85900EAEB37 /* ReservationView.swift */; };
/* End PBXBuildFile section */

/* Begin PBXFileReference section */
		641FB2812A30D3A2002F45FA /* Little Lemon Reservition.app */ = {isa = PBXFileReference; explicitFileType = wrapper.application; includeInIndex = 0; path = "Little Lemon Reservition.app"; sourceTree = BUILT_PRODUCTS_DIR; };
		641FB2842A30D3A2002F45FA /* Little_Lemon_ReservitionApp.swift */ = {isa = PBXFileReference; lastKnownFileType = sourcecode.swift; path = Little_Lemon_ReservitionApp.swift; sourceTree = "<group>"; };
		641FB2862A30D3A2002F45FA /* ContentView.swift */ = {isa = PBXFileReference; lastKnownFileType = sourcecode.swift; path = ContentView.swift; sourceTree = "<group>"; };
		641FB2882A30D3A3002F45FA /* Assets.xcassets */ = {isa = PBXFileReference; lastKnownFileType = folder.assetcatalog; path = Assets.xcassets; sourceTree = "<group>"; };
		641FB28B2A30D3A3002F45FA /* Preview Assets.xcassets */ = {isa = PBXFileReference; lastKnownFileType = folder.assetcatalog; path = "Preview Assets.xcassets"; sourceTree = "<group>"; };
		641FB2922A30D3DF002F45FA /* LittleLemonLogo.swift */ = {isa = PBXFileReference; lastKnownFileType = sourcecode.swift; path = LittleLemonLogo.swift; sourceTree = "<group>"; };
		645542142A30D55700EAEB37 /* LocationView.swift */ = {isa = PBXFileReference; lastKnownFileType = sourcecode.swift; path = LocationView.swift; sourceTree = "<group>"; };
		645542162A30D6D900EAEB37 /* MainView.swift */ = {isa = PBXFileReference; lastKnownFileType = sourcecode.swift; path = MainView.swift; sourceTree = "<group>"; };
		645542182A30D76800EAEB37 /* Model.swift */ = {isa = PBXFileReference; lastKnownFileType = sourcecode.swift; path = Model.swift; sourceTree = "<group>"; };
		6455421B2A30DEF400EAEB37 /* RestaurantView.swift */ = {isa = PBXFileReference; lastKnownFileType = sourcecode.swift; path = RestaurantView.swift; sourceTree = "<group>"; };
		6455421D2A30DF1900EAEB37 /* RestaurantsLocation.swift */ = {isa = PBXFileReference; lastKnownFileType = sourcecode.swift; path = RestaurantsLocation.swift; sourceTree = "<group>"; };
		645542202A30E4FB00EAEB37 /* Reservation.swift */ = {isa = PBXFileReference; lastKnownFileType = sourcecode.swift; path = Reservation.swift; sourceTree = "<group>"; };
		645542252A30E73D00EAEB37 /* ReservationForm.swift */ = {isa = PBXFileReference; lastKnownFileType = sourcecode.swift; path = ReservationForm.swift; sourceTree = "<group>"; };
		645542272A30E85900EAEB37 /* ReservationView.swift */ = {isa = PBXFileReference; lastKnownFileType = sourcecode.swift; path = ReservationView.swift; sourceTree = "<group>"; };
/* End PBXFileReference section */

/* Begin PBXFrameworksBuildPhase section */
		641FB27E2A30D3A2002F45FA /* Frameworks */ = {
			isa = PBXFrameworksBuildPhase;
			buildActionMask = 2147483647;
			files = (
			);
			runOnlyForDeploymentPostprocessing = 0;
		};
/* End PBXFrameworksBuildPhase section */

/* Begin PBXGroup section */
		641FB2782A30D3A2002F45FA = {
			isa = PBXGroup;
			children = (
				641FB2832A30D3A2002F45FA /* Little Lemon Reservition */,
				641FB2822A30D3A2002F45FA /* Products */,
			);
			sourceTree = "<group>";
		};
		641FB2822A30D3A2002F45FA /* Products */ = {
			isa = PBXGroup;
			children = (
				641FB2812A30D3A2002F45FA /* Little Lemon Reservition.app */,
			);
			name = Products;
			sourceTree = "<group>";
		};
		641FB2832A30D3A2002F45FA /* Little Lemon Reservition */ = {
			isa = PBXGroup;
			children = (
				641FB2842A30D3A2002F45FA /* Little_Lemon_ReservitionApp.swift */,
				641FB2862A30D3A2002F45FA /* ContentView.swift */,
				641FB2922A30D3DF002F45FA /* LittleLemonLogo.swift */,
				645542142A30D55700EAEB37 /* LocationView.swift */,
				645542162A30D6D900EAEB37 /* MainView.swift */,
				645542222A30E4FF00EAEB37 /* Reservation */,
				6455421F2A30DF1F00EAEB37 /* Resturant */,
				6455421A2A30DEB400EAEB37 /* Model */,
				641FB2882A30D3A3002F45FA /* Assets.xcassets */,
				641FB28A2A30D3A3002F45FA /* Preview Content */,
			);
			path = "Little Lemon Reservition";
			sourceTree = "<group>";
		};
		641FB28A2A30D3A3002F45FA /* Preview Content */ = {
			isa = PBXGroup;
			children = (
				641FB28B2A30D3A3002F45FA /* Preview Assets.xcassets */,
			);
			path = "Preview Content";
			sourceTree = "<group>";
		};
		6455421A2A30DEB400EAEB37 /* Model */ = {
			isa = PBXGroup;
			children = (
				645542182A30D76800EAEB37 /* Model.swift */,
			);
			path = Model;
			sourceTree = "<group>";
		};
		6455421F2A30DF1F00EAEB37 /* Resturant */ = {
			isa = PBXGroup;
			children = (
				6455421B2A30DEF400EAEB37 /* RestaurantView.swift */,
				6455421D2A30DF1900EAEB37 /* RestaurantsLocation.swift */,
			);
			path = Resturant;
			sourceTree = "<group>";
		};
		645542222A30E4FF00EAEB37 /* Reservation */ = {
			isa = PBXGroup;
			children = (
				645542202A30E4FB00EAEB37 /* Reservation.swift */,
				645542252A30E73D00EAEB37 /* ReservationForm.swift */,
				645542272A30E85900EAEB37 /* ReservationView.swift */,
			);
			path = Reservation;
			sourceTree = "<group>";
		};
/* End PBXGroup section */

/* Begin PBXNativeTarget section */
		641FB2802A30D3A2002F45FA /* Little Lemon Reservition */ = {
			isa = PBXNativeTarget;
			buildConfigurationList = 641FB28F2A30D3A3002F45FA /* Build configuration list for PBXNativeTarget "Little Lemon Reservition" */;
			buildPhases = (
				641FB27D2A30D3A2002F45FA /* Sources */,
				641FB27E2A30D3A2002F45FA /* Frameworks */,
				641FB27F2A30D3A2002F45FA /* Resources */,
			);
			buildRules = (
			);
			dependencies = (
			);
			name = "Little Lemon Reservition";
			productName = "Little Lemon Reservition";
			productReference = 641FB2812A30D3A2002F45FA /* Little Lemon Reservition.app */;
			productType = "com.apple.product-type.application";
		};
/* End PBXNativeTarget section */

/* Begin PBXProject section */
		641FB2792A30D3A2002F45FA /* Project object */ = {
			isa = PBXProject;
			attributes = {
				BuildIndependentTargetsInParallel = 1;
				LastSwiftUpdateCheck = 1420;
				LastUpgradeCheck = 1420;
				TargetAttributes = {
					641FB2802A30D3A2002F45FA = {
						CreatedOnToolsVersion = 14.2;
					};
				};
			};
			buildConfigurationList = 641FB27C2A30D3A2002F45FA /* Build configuration list for PBXProject "Little Lemon Reservition" */;
			compatibilityVersion = "Xcode 14.0";
			developmentRegion = en;
			hasScannedForEncodings = 0;
			knownRegions = (
				en,
				Base,
			);
			mainGroup = 641FB2782A30D3A2002F45FA;
			productRefGroup = 641FB2822A30D3A2002F45FA /* Products */;
			projectDirPath = "";
			projectRoot = "";
			targets = (
				641FB2802A30D3A2002F45FA /* Little Lemon Reservition */,
			);
		};
/* End PBXProject section */

/* Begin PBXResourcesBuildPhase section */
		641FB27F2A30D3A2002F45FA /* Resources */ = {
			isa = PBXResourcesBuildPhase;
			buildActionMask = 2147483647;
			files = (
				641FB28C2A30D3A3002F45FA /* Preview Assets.xcassets in Resources */,
				641FB2892A30D3A3002F45FA /* Assets.xcassets in Resources */,
			);
			runOnlyForDeploymentPostprocessing = 0;
		};
/* End PBXResourcesBuildPhase section */

/* Begin PBXSourcesBuildPhase section */
		641FB27D2A30D3A2002F45FA /* Sources */ = {
			isa = PBXSourcesBuildPhase;
			buildActionMask = 2147483647;
			files = (
				645542192A30D76800EAEB37 /* Model.swift in Sources */,
				6455421C2A30DEF400EAEB37 /* RestaurantView.swift in Sources */,
				645542212A30E4FB00EAEB37 /* Reservation.swift in Sources */,
				645542282A30E85900EAEB37 /* ReservationView.swift in Sources */,
				641FB2872A30D3A2002F45FA /* ContentView.swift in Sources */,
				6455421E2A30DF1900EAEB37 /* RestaurantsLocation.swift in Sources */,
				645542152A30D55700EAEB37 /* LocationView.swift in Sources */,
				645542262A30E73D00EAEB37 /* ReservationForm.swift in Sources */,
				641FB2932A30D3DF002F45FA /* LittleLemonLogo.swift in Sources */,
				645542172A30D6D900EAEB37 /* MainView.swift in Sources */,
				641FB2852A30D3A2002F45FA /* Little_Lemon_ReservitionApp.swift in Sources */,
			);
			runOnlyForDeploymentPostprocessing = 0;
		};
/* End PBXSourcesBuildPhase section */

/* Begin XCBuildConfiguration section */
		641FB28D2A30D3A3002F45FA /* Debug */ = {
			isa = XCBuildConfiguration;
			buildSettings = {
				ALWAYS_SEARCH_USER_PATHS = NO;
				CLANG_ANALYZER_NONNULL = YES;
				CLANG_ANALYZER_NUMBER_OBJECT_CONVERSION = YES_AGGRESSIVE;
				CLANG_CXX_LANGUAGE_STANDARD = "gnu++20";
				CLANG_ENABLE_MODULES = YES;
				CLANG_ENABLE_OBJC_ARC = YES;
				CLANG_ENABLE_OBJC_WEAK = YES;
				CLANG_WARN_BLOCK_CAPTURE_AUTORELEASING = YES;
				CLANG_WARN_BOOL_CONVERSION = YES;
				CLANG_WARN_COMMA = YES;
				CLANG_WARN_CONSTANT_CONVERSION = YES;
				CLANG_WARN_DEPRECATED_OBJC_IMPLEMENTATIONS = YES;
				CLANG_WARN_DIRECT_OBJC_ISA_USAGE = YES_ERROR;
				CLANG_WARN_DOCUMENTATION_COMMENTS = YES;
				CLANG_WARN_EMPTY_BODY = YES;
				CLANG_WARN_ENUM_CONVERSION = YES;
				CLANG_WARN_INFINITE_RECURSION = YES;
				CLANG_WARN_INT_CONVERSION = YES;
				CLANG_WARN_NON_LITERAL_NULL_CONVERSION = YES;
				CLANG_WARN_OBJC_IMPLICIT_RETAIN_SELF = YES;
				CLANG_WARN_OBJC_LITERAL_CONVERSION = YES;
				CLANG_WARN_OBJC_ROOT_CLASS = YES_ERROR;
				CLANG_WARN_QUOTED_INCLUDE_IN_FRAMEWORK_HEADER = YES;
				CLANG_WARN_RANGE_LOOP_ANALYSIS = YES;
				CLANG_WARN_STRICT_PROTOTYPES = YES;
				CLANG_WARN_SUSPICIOUS_MOVE = YES;
				CLANG_WARN_UNGUARDED_AVAILABILITY = YES_AGGRESSIVE;
				CLANG_WARN_UNREACHABLE_CODE = YES;
				CLANG_WARN__DUPLICATE_METHOD_MATCH = YES;
				COPY_PHASE_STRIP = NO;
				DEBUG_INFORMATION_FORMAT = dwarf;
				ENABLE_STRICT_OBJC_MSGSEND = YES;
				ENABLE_TESTABILITY = YES;
				GCC_C_LANGUAGE_STANDARD = gnu11;
				GCC_DYNAMIC_NO_PIC = NO;
				GCC_NO_COMMON_BLOCKS = YES;
				GCC_OPTIMIZATION_LEVEL = 0;
				GCC_PREPROCESSOR_DEFINITIONS = (
					"DEBUG=1",
					"$(inherited)",
				);
				GCC_WARN_64_TO_32_BIT_CONVERSION = YES;
				GCC_WARN_ABOUT_RETURN_TYPE = YES_ERROR;
				GCC_WARN_UNDECLARED_SELECTOR = YES;
				GCC_WARN_UNINITIALIZED_AUTOS = YES_AGGRESSIVE;
				GCC_WARN_UNUSED_FUNCTION = YES;
				GCC_WARN_UNUSED_VARIABLE = YES;
				IPHONEOS_DEPLOYMENT_TARGET = 16.2;
				MTL_ENABLE_DEBUG_INFO = INCLUDE_SOURCE;
				MTL_FAST_MATH = YES;
				ONLY_ACTIVE_ARCH = YES;
				SDKROOT = iphoneos;
				SWIFT_ACTIVE_COMPILATION_CONDITIONS = DEBUG;
				SWIFT_OPTIMIZATION_LEVEL = "-Onone";
			};
			name = Debug;
		};
		641FB28E2A30D3A3002F45FA /* Release */ = {
			isa = XCBuildConfiguration;
			buildSettings = {
				ALWAYS_SEARCH_USER_PATHS = NO;
				CLANG_ANALYZER_NONNULL = YES;
				CLANG_ANALYZER_NUMBER_OBJECT_CONVERSION = YES_AGGRESSIVE;
				CLANG_CXX_LANGUAGE_STANDARD = "gnu++20";
				CLANG_ENABLE_MODULES = YES;
				CLANG_ENABLE_OBJC_ARC = YES;
				CLANG_ENABLE_OBJC_WEAK = YES;
				CLANG_WARN_BLOCK_CAPTURE_AUTORELEASING = YES;
				CLANG_WARN_BOOL_CONVERSION = YES;
				CLANG_WARN_COMMA = YES;
				CLANG_WARN_CONSTANT_CONVERSION = YES;
				CLANG_WARN_DEPRECATED_OBJC_IMPLEMENTATIONS = YES;
				CLANG_WARN_DIRECT_OBJC_ISA_USAGE = YES_ERROR;
				CLANG_WARN_DOCUMENTATION_COMMENTS = YES;
				CLANG_WARN_EMPTY_BODY = YES;
				CLANG_WARN_ENUM_CONVERSION = YES;
				CLANG_WARN_INFINITE_RECURSION = YES;
				CLANG_WARN_INT_CONVERSION = YES;
				CLANG_WARN_NON_LITERAL_NULL_CONVERSION = YES;
				CLANG_WARN_OBJC_IMPLICIT_RETAIN_SELF = YES;
				CLANG_WARN_OBJC_LITERAL_CONVERSION = YES;
				CLANG_WARN_OBJC_ROOT_CLASS = YES_ERROR;
				CLANG_WARN_QUOTED_INCLUDE_IN_FRAMEWORK_HEADER = YES;
				CLANG_WARN_RANGE_LOOP_ANALYSIS = YES;
				CLANG_WARN_STRICT_PROTOTYPES = YES;
				CLANG_WARN_SUSPICIOUS_MOVE = YES;
				CLANG_WARN_UNGUARDED_AVAILABILITY = YES_AGGRESSIVE;
				CLANG_WARN_UNREACHABLE_CODE = YES;
				CLANG_WARN__DUPLICATE_METHOD_MATCH = YES;
				COPY_PHASE_STRIP = NO;
				DEBUG_INFORMATION_FORMAT = "dwarf-with-dsym";
				ENABLE_NS_ASSERTIONS = NO;
				ENABLE_STRICT_OBJC_MSGSEND = YES;
				GCC_C_LANGUAGE_STANDARD = gnu11;
				GCC_NO_COMMON_BLOCKS = YES;
				GCC_WARN_64_TO_32_BIT_CONVERSION = YES;
				GCC_WARN_ABOUT_RETURN_TYPE = YES_ERROR;
				GCC_WARN_UNDECLARED_SELECTOR = YES;
				GCC_WARN_UNINITIALIZED_AUTOS = YES_AGGRESSIVE;
				GCC_WARN_UNUSED_FUNCTION = YES;
				GCC_WARN_UNUSED_VARIABLE = YES;
				IPHONEOS_DEPLOYMENT_TARGET = 16.2;
				MTL_ENABLE_DEBUG_INFO = NO;
				MTL_FAST_MATH = YES;
				SDKROOT = iphoneos;
				SWIFT_COMPILATION_MODE = wholemodule;
				SWIFT_OPTIMIZATION_LEVEL = "-O";
				VALIDATE_PRODUCT = YES;
			};
			name = Release;
		};
		641FB2902A30D3A3002F45FA /* Debug */ = {
			isa = XCBuildConfiguration;
			buildSettings = {
				ASSETCATALOG_COMPILER_APPICON_NAME = AppIcon;
				ASSETCATALOG_COMPILER_GLOBAL_ACCENT_COLOR_NAME = AccentColor;
				CODE_SIGN_STYLE = Automatic;
				CURRENT_PROJECT_VERSION = 1;
				DEVELOPMENT_ASSET_PATHS = "\"Little Lemon Reservition/Preview Content\"";
				DEVELOPMENT_TEAM = 5QTUCX467U;
				ENABLE_PREVIEWS = YES;
				GENERATE_INFOPLIST_FILE = YES;
				INFOPLIST_KEY_UIApplicationSceneManifest_Generation = YES;
				INFOPLIST_KEY_UIApplicationSupportsIndirectInputEvents = YES;
				INFOPLIST_KEY_UILaunchScreen_Generation = YES;
				INFOPLIST_KEY_UISupportedInterfaceOrientations_iPad = "UIInterfaceOrientationPortrait UIInterfaceOrientationPortraitUpsideDown UIInterfaceOrientationLandscapeLeft UIInterfaceOrientationLandscapeRight";
				INFOPLIST_KEY_UISupportedInterfaceOrientations_iPhone = "UIInterfaceOrientationPortrait UIInterfaceOrientationLandscapeLeft UIInterfaceOrientationLandscapeRight";
				LD_RUNPATH_SEARCH_PATHS = (
					"$(inherited)",
					"@executable_path/Frameworks",
				);
				MARKETING_VERSION = 1.0;
				PRODUCT_BUNDLE_IDENTIFIER = "Aboullezz.Little-Lemon-Reservition";
				PRODUCT_NAME = "$(TARGET_NAME)";
				SWIFT_EMIT_LOC_STRINGS = YES;
				SWIFT_VERSION = 5.0;
				TARGETED_DEVICE_FAMILY = "1,2";
			};
			name = Debug;
		};
		641FB2912A30D3A3002F45FA /* Release */ = {
			isa = XCBuildConfiguration;
			buildSettings = {
				ASSETCATALOG_COMPILER_APPICON_NAME = AppIcon;
				ASSETCATALOG_COMPILER_GLOBAL_ACCENT_COLOR_NAME = AccentColor;
				CODE_SIGN_STYLE = Automatic;
				CURRENT_PROJECT_VERSION = 1;
				DEVELOPMENT_ASSET_PATHS = "\"Little Lemon Reservition/Preview Content\"";
				DEVELOPMENT_TEAM = 5QTUCX467U;
				ENABLE_PREVIEWS = YES;
				GENERATE_INFOPLIST_FILE = YES;
				INFOPLIST_KEY_UIApplicationSceneManifest_Generation = YES;
				INFOPLIST_KEY_UIApplicationSupportsIndirectInputEvents = YES;
				INFOPLIST_KEY_UILaunchScreen_Generation = YES;
				INFOPLIST_KEY_UISupportedInterfaceOrientations_iPad = "UIInterfaceOrientationPortrait UIInterfaceOrientationPortraitUpsideDown UIInterfaceOrientationLandscapeLeft UIInterfaceOrientationLandscapeRight";
				INFOPLIST_KEY_UISupportedInterfaceOrientations_iPhone = "UIInterfaceOrientationPortrait UIInterfaceOrientationLandscapeLeft UIInterfaceOrientationLandscapeRight";
				LD_RUNPATH_SEARCH_PATHS = (
					"$(inherited)",
					"@executable_path/Frameworks",
				);
				MARKETING_VERSION = 1.0;
				PRODUCT_BUNDLE_IDENTIFIER = "Aboullezz.Little-Lemon-Reservition";
				PRODUCT_NAME = "$(TARGET_NAME)";
				SWIFT_EMIT_LOC_STRINGS = YES;
				SWIFT_VERSION = 5.0;
				TARGETED_DEVICE_FAMILY = "1,2";
			};
			name = Release;
		};
/* End XCBuildConfiguration section */

/* Begin XCConfigurationList section */
		641FB27C2A30D3A2002F45FA /* Build configuration list for PBXProject "Little Lemon Reservition" */ = {
			isa = XCConfigurationList;
			buildConfigurations = (
				641FB28D2A30D3A3002F45FA /* Debug */,
				641FB28E2A30D3A3002F45FA /* Release */,
			);
			defaultConfigurationIsVisible = 0;
			defaultConfigurationName = Release;
		};
		641FB28F2A30D3A3002F45FA /* Build configuration list for PBXNativeTarget "Little Lemon Reservition" */ = {
			isa = XCConfigurationList;
			buildConfigurations = (
				641FB2902A30D3A3002F45FA /* Debug */,
				641FB2912A30D3A3002F45FA /* Release */,
			);
			defaultConfigurationIsVisible = 0;
			defaultConfigurationName = Release;
		};
/* End XCConfigurationList section */
	};
	rootObject = 641FB2792A30D3A2002F45FA /* Project object */;
}
